
Microsoft Visual Studio Solution File, Format Version 12.00
# Visual Studio 2017
Project("{FAE04EC0-301F-11D3-BF4B-00C04F79EFBC}") = "Day28_KinematicEquations2", "Day28_KinematicEquations2.csproj", "{BA0B98F8-DC34-38ED-68A7-34FF97934700}"
EndProject
Global
	GlobalSection(SolutionConfigurationPlatforms) = preSolution
		Debug|Any CPU = Debug|Any CPU
		Release|Any CPU = Release|Any CPU
	EndGlobalSection
	GlobalSection(ProjectConfigurationPlatforms) = postSolution
		{BA0B98F8-DC34-38ED-68A7-34FF97934700}.Debug|Any CPU.ActiveCfg = Debug|Any CPU
		{BA0B98F8-DC34-38ED-68A7-34FF97934700}.Debug|Any CPU.Build.0 = Debug|Any CPU
		{BA0B98F8-DC34-38ED-68A7-34FF97934700}.Release|Any CPU.ActiveCfg = Release|Any CPU
		{BA0B98F8-DC34-38ED-68A7-34FF97934700}.Release|Any CPU.Build.0 = Release|Any CPU
	EndGlobalSection
	GlobalSection(SolutionProperties) = preSolution
		HideSolutionNode = FALSE
	EndGlobalSection
EndGlobal
