
Microsoft Visual Studio Solution File, Format Version 12.00
# Visual Studio 2017
Project("{FAE04EC0-301F-11D3-BF4B-00C04F79EFBC}") = "MiniProject", "MiniProject.csproj", "{2855B24C-4329-93DE-F201-84911BF26982}"
EndProject
Project("{FAE04EC0-301F-11D3-BF4B-00C04F79EFBC}") = "MiniProject.Editor", "MiniProject.Editor.csproj", "{AB05B477-9D1A-41B0-467C-7348381A9D6C}"
EndProject
Global
	GlobalSection(SolutionConfigurationPlatforms) = preSolution
		Debug|Any CPU = Debug|Any CPU
		Release|Any CPU = Release|Any CPU
	EndGlobalSection
	GlobalSection(ProjectConfigurationPlatforms) = postSolution
		{2855B24C-4329-93DE-F201-84911BF26982}.Debug|Any CPU.ActiveCfg = Debug|Any CPU
		{2855B24C-4329-93DE-F201-84911BF26982}.Debug|Any CPU.Build.0 = Debug|Any CPU
		{2855B24C-4329-93DE-F201-84911BF26982}.Release|Any CPU.ActiveCfg = Release|Any CPU
		{2855B24C-4329-93DE-F201-84911BF26982}.Release|Any CPU.Build.0 = Release|Any CPU
		{AB05B477-9D1A-41B0-467C-7348381A9D6C}.Debug|Any CPU.ActiveCfg = Debug|Any CPU
		{AB05B477-9D1A-41B0-467C-7348381A9D6C}.Debug|Any CPU.Build.0 = Debug|Any CPU
		{AB05B477-9D1A-41B0-467C-7348381A9D6C}.Release|Any CPU.ActiveCfg = Release|Any CPU
		{AB05B477-9D1A-41B0-467C-7348381A9D6C}.Release|Any CPU.Build.0 = Release|Any CPU
	EndGlobalSection
	GlobalSection(SolutionProperties) = preSolution
		HideSolutionNode = FALSE
	EndGlobalSection
EndGlobal
