
Microsoft Visual Studio Solution File, Format Version 12.00
# Visual Studio 2017
Project("{FAE04EC0-301F-11D3-BF4B-00C04F79EFBC}") = "San (2)", "San (2).csproj", "{796ABE6E-D75A-8A87-DE2B-57EC6032E849}"
EndProject
Project("{FAE04EC0-301F-11D3-BF4B-00C04F79EFBC}") = "San (2).Editor", "San (2).Editor.csproj", "{5D8EFBB8-566C-2221-FBFF-C7A9B45B6D8C}"
EndProject
Global
	GlobalSection(SolutionConfigurationPlatforms) = preSolution
		Debug|Any CPU = Debug|Any CPU
		Release|Any CPU = Release|Any CPU
	EndGlobalSection
	GlobalSection(ProjectConfigurationPlatforms) = postSolution
		{796ABE6E-D75A-8A87-DE2B-57EC6032E849}.Debug|Any CPU.ActiveCfg = Debug|Any CPU
		{796ABE6E-D75A-8A87-DE2B-57EC6032E849}.Debug|Any CPU.Build.0 = Debug|Any CPU
		{796ABE6E-D75A-8A87-DE2B-57EC6032E849}.Release|Any CPU.ActiveCfg = Release|Any CPU
		{796ABE6E-D75A-8A87-DE2B-57EC6032E849}.Release|Any CPU.Build.0 = Release|Any CPU
		{5D8EFBB8-566C-2221-FBFF-C7A9B45B6D8C}.Debug|Any CPU.ActiveCfg = Debug|Any CPU
		{5D8EFBB8-566C-2221-FBFF-C7A9B45B6D8C}.Debug|Any CPU.Build.0 = Debug|Any CPU
		{5D8EFBB8-566C-2221-FBFF-C7A9B45B6D8C}.Release|Any CPU.ActiveCfg = Release|Any CPU
		{5D8EFBB8-566C-2221-FBFF-C7A9B45B6D8C}.Release|Any CPU.Build.0 = Release|Any CPU
	EndGlobalSection
	GlobalSection(SolutionProperties) = preSolution
		HideSolutionNode = FALSE
	EndGlobalSection
EndGlobal
