
Microsoft Visual Studio Solution File, Format Version 12.00
# Visual Studio 2017
Project("{FAE04EC0-301F-11D3-BF4B-00C04F79EFBC}") = "Day25", "Day25.csproj", "{1E6384C8-9143-6FBF-EBE6-240024185DFA}"
EndProject
Global
	GlobalSection(SolutionConfigurationPlatforms) = preSolution
		Debug|Any CPU = Debug|Any CPU
		Release|Any CPU = Release|Any CPU
	EndGlobalSection
	GlobalSection(ProjectConfigurationPlatforms) = postSolution
		{1E6384C8-9143-6FBF-EBE6-240024185DFA}.Debug|Any CPU.ActiveCfg = Debug|Any CPU
		{1E6384C8-9143-6FBF-EBE6-240024185DFA}.Debug|Any CPU.Build.0 = Debug|Any CPU
		{1E6384C8-9143-6FBF-EBE6-240024185DFA}.Release|Any CPU.ActiveCfg = Release|Any CPU
		{1E6384C8-9143-6FBF-EBE6-240024185DFA}.Release|Any CPU.Build.0 = Release|Any CPU
	EndGlobalSection
	GlobalSection(SolutionProperties) = preSolution
		HideSolutionNode = FALSE
	EndGlobalSection
EndGlobal
