
Microsoft Visual Studio Solution File, Format Version 12.00
# Visual Studio 2015
Project("{FAE04EC0-301F-11D3-BF4B-00C04F79EFBC}") = "Day09", "Day09.csproj", "{7AC0C554-FBD1-B20E-2E4A-11C78BB826B6}"
EndProject
Project("{FAE04EC0-301F-11D3-BF4B-00C04F79EFBC}") = "Day09.Editor", "Day09.Editor.csproj", "{29428556-18F2-7287-579D-73DC14C9C7BF}"
EndProject
Global
	GlobalSection(SolutionConfigurationPlatforms) = preSolution
		Debug|Any CPU = Debug|Any CPU
		Release|Any CPU = Release|Any CPU
	EndGlobalSection
	GlobalSection(ProjectConfigurationPlatforms) = postSolution
		{7AC0C554-FBD1-B20E-2E4A-11C78BB826B6}.Debug|Any CPU.ActiveCfg = Debug|Any CPU
		{7AC0C554-FBD1-B20E-2E4A-11C78BB826B6}.Debug|Any CPU.Build.0 = Debug|Any CPU
		{7AC0C554-FBD1-B20E-2E4A-11C78BB826B6}.Release|Any CPU.ActiveCfg = Release|Any CPU
		{7AC0C554-FBD1-B20E-2E4A-11C78BB826B6}.Release|Any CPU.Build.0 = Release|Any CPU
		{29428556-18F2-7287-579D-73DC14C9C7BF}.Debug|Any CPU.ActiveCfg = Debug|Any CPU
		{29428556-18F2-7287-579D-73DC14C9C7BF}.Debug|Any CPU.Build.0 = Debug|Any CPU
		{29428556-18F2-7287-579D-73DC14C9C7BF}.Release|Any CPU.ActiveCfg = Release|Any CPU
		{29428556-18F2-7287-579D-73DC14C9C7BF}.Release|Any CPU.Build.0 = Release|Any CPU
	EndGlobalSection
	GlobalSection(SolutionProperties) = preSolution
		HideSolutionNode = FALSE
	EndGlobalSection
EndGlobal
