
Microsoft Visual Studio Solution File, Format Version 12.00
# Visual Studio 2017
Project("{FAE04EC0-301F-11D3-BF4B-00C04F79EFBC}") = "Day52.Plugins", "Day52.Plugins.csproj", "{739FE9CD-B88D-1F3E-F6C2-E98A100647F4}"
EndProject
Project("{FAE04EC0-301F-11D3-BF4B-00C04F79EFBC}") = "Day52.Editor.Plugins", "Day52.Editor.Plugins.csproj", "{229DDD6A-9B05-02BE-3AAA-262749E8A5D1}"
EndProject
Global
	GlobalSection(SolutionConfigurationPlatforms) = preSolution
		Debug|Any CPU = Debug|Any CPU
		Release|Any CPU = Release|Any CPU
	EndGlobalSection
	GlobalSection(ProjectConfigurationPlatforms) = postSolution
		{739FE9CD-B88D-1F3E-F6C2-E98A100647F4}.Debug|Any CPU.ActiveCfg = Debug|Any CPU
		{739FE9CD-B88D-1F3E-F6C2-E98A100647F4}.Debug|Any CPU.Build.0 = Debug|Any CPU
		{739FE9CD-B88D-1F3E-F6C2-E98A100647F4}.Release|Any CPU.ActiveCfg = Release|Any CPU
		{739FE9CD-B88D-1F3E-F6C2-E98A100647F4}.Release|Any CPU.Build.0 = Release|Any CPU
		{229DDD6A-9B05-02BE-3AAA-262749E8A5D1}.Debug|Any CPU.ActiveCfg = Debug|Any CPU
		{229DDD6A-9B05-02BE-3AAA-262749E8A5D1}.Debug|Any CPU.Build.0 = Debug|Any CPU
		{229DDD6A-9B05-02BE-3AAA-262749E8A5D1}.Release|Any CPU.ActiveCfg = Release|Any CPU
		{229DDD6A-9B05-02BE-3AAA-262749E8A5D1}.Release|Any CPU.Build.0 = Release|Any CPU
	EndGlobalSection
	GlobalSection(SolutionProperties) = preSolution
		HideSolutionNode = FALSE
	EndGlobalSection
EndGlobal
